{
  "name": "gptgrill-codexwork",
  "version": "0.3.0",
  "lockfileVersion": 3,
  "requires": true,
  "packages": {
    "": {
      "name": "gptgrill-codexwork",
      "version": "0.3.0",
      "license": "MIT",
      "bin": {
        "gptgrill-codexwork": "src/cli.js"
      },
      "engines": {
        "node": ">=20"
      }
    }
  }
}
